%{
  "elixir_make": {:hex, :elixir_make, "0.6.3", "bc07d53221216838d79e03a8019d0839786703129599e9619f4ab74c8c096eac", [:mix], [], "hexpm", "f5cbd651c5678bcaabdbb7857658ee106b12509cd976c2c2fca99688e1daf716"},
  "erlexec": {:hex, :erlexec, "2.0.0", "73eef450ef20760a88c8d65da6ad8ee0446390160bd84064a2682ec1e9afaaed", [:rebar3], [], "hexpm", "7273d744c1409d6b692005160593bd7179ef004ebeb96ee9976e126a88161824"},
  "nerves_logging": {:hex, :nerves_logging, "0.2.0", "4099b860f41a0171ff49fbc1e86ee0ce4576c24c1cf318a0fd0bf227355e8c12", [:make, :mix], [{:elixir_make, "~> 0.6", [hex: :elixir_make, repo: "hexpm", optional: false]}], "hexpm", "07cfb9fe9d21b908da51b81a1ced858288c68519204aca7aa2c1fcd531d5e059"},
  "nerves_runtime": {:hex, :nerves_runtime, "0.13.1", "b5f87675d8e07a4e5f29c2fe2f7d026467a84f604962dc0f4fb381f3928438f7", [:mix], [{:nerves_logging, "~> 0.2.0", [hex: :nerves_logging, repo: "hexpm", optional: false]}, {:nerves_uevent, "~> 0.1.0", [hex: :nerves_uevent, repo: "hexpm", optional: false]}, {:uboot_env, "~> 1.0 or ~> 0.3.0", [hex: :uboot_env, repo: "hexpm", optional: false]}], "hexpm", "bd7f41fb43d29bbfa32c164ac3cead3da04244a84108c2bcc70bbd130a5839ae"},
  "nerves_ssh": {:hex, :nerves_ssh, "0.4.0", "cca3990bd8765c1fef0546065d45fb1f1fa39ca64125e7eba9a875553baa865f", [:mix], [{:nerves_runtime, "~> 0.11", [hex: :nerves_runtime, repo: "hexpm", optional: false]}, {:ssh_subsystem_fwup, "~> 0.5", [hex: :ssh_subsystem_fwup, repo: "hexpm", optional: false]}], "hexpm", "34323780d9f355ac4336d077f8029aa7d7e42256f8e63048e35b806d3cbb1aad"},
  "nerves_uevent": {:hex, :nerves_uevent, "0.1.0", "651111a46be9a238560cbf7946989fc500e5f33d7035fd9ea7194d07a281bc19", [:make, :mix], [{:elixir_make, "~> 0.6", [hex: :elixir_make, repo: "hexpm", optional: false]}, {:property_table, "~> 0.2.0", [hex: :property_table, repo: "hexpm", optional: false]}], "hexpm", "cb0b1993c3ed3cefadbcdb534e910af0661f95c3445796ce8a7c8be3519a4e5f"},
  "property_table": {:hex, :property_table, "0.2.0", "d47549d9c75c4f8975ca126b48a21c879c76e73d7e7dd0cc65b7d1619b3a198f", [:mix], [], "hexpm", "00f89af46c1f45e572c8386744c773fbf506f731648538d350b9a96720021f0d"},
  "ssh_subsystem_fwup": {:hex, :ssh_subsystem_fwup, "0.6.1", "628f8e3795de5f1d0e7b3b55de4248ab0a77ab4c47e3cd282f1dda89d6354a9f", [:mix], [], "hexpm", "babdae337f2dc011ab5478662b4ec850650d7acfb165662ae47f6f0ce8892499"},
  "sshex": {:hex, :sshex, "2.2.1", "e1270b8345ea2a66a11c2bb7aed22c93e3bc7bc813486f4ffd0a980e4a898160", [:mix], [], "hexpm", "45b2caa5011dc850e70a2d77e3b62678a3e8bcb903eab6f3e7afb2ea897b13db"},
  "uboot_env": {:hex, :uboot_env, "1.0.0", "fdbe0afe65436f760cd372b16a58ccf7c76bbad1538f1766826e0ddbcaf80980", [:mix], [], "hexpm", "86754d5eae9643ca3094ee1d749b808f9d6f0d41b990e1191709b5a66c2b0757"},
}
